
Microsoft Visual Studio Solution File, Format Version 12.00
# Visual Studio Version 16
VisualStudioVersion = 16.0.30523.141
MinimumVisualStudioVersion = 10.0.40219.1
Project("{9A19103F-16F7-4668-BE54-9A1E7A4F7556}") = "BLOG_API", "BLOG_API\BLOG_API.csproj", "{86364472-76C2-4B12-8978-98CDCC63CE7F}"
EndProject
Project("{9A19103F-16F7-4668-BE54-9A1E7A4F7556}") = "BLOG_API.DB", "BLOG_API.DB\BLOG_API.DB.csproj", "{C3C85A80-2CFF-4A31-A4F2-8ED456A601D7}"
EndProject
Project("{9A19103F-16F7-4668-BE54-9A1E7A4F7556}") = "BLOG_API.Repositories", "BLOG_API.Repositories\BLOG_API.Repositories.csproj", "{870FCC31-676C-44EA-9091-8B05DB9B3367}"
EndProject
Project("{9A19103F-16F7-4668-BE54-9A1E7A4F7556}") = "BLOG_API.Shared", "BLOG_API.Shared\BLOG_API.Shared.csproj", "{0CE878A1-7B31-4E2B-90DA-B05B3922C8F8}"
EndProject
Project("{9A19103F-16F7-4668-BE54-9A1E7A4F7556}") = "BLOG_API.Constants", "BLOG_API.Contrains\BLOG_API.Constants.csproj", "{4306C73A-A723-4246-AFC4-2614CE4356CF}"
EndProject
Project("{9A19103F-16F7-4668-BE54-9A1E7A4F7556}") = "BLOG_API.Mappers", "BLOG_API.Mappers\BLOG_API.Mappers.csproj", "{630E1FC0-B96F-4A7F-BC1E-D86869AC9648}"
EndProject
Project("{9A19103F-16F7-4668-BE54-9A1E7A4F7556}") = "BLOG_API.Services", "BLOG_API.Services\BLOG_API.Services.csproj", "{BF7E40E9-0ED1-47BD-8F5E-5113FE720F34}"
EndProject
Global
	GlobalSection(SolutionConfigurationPlatforms) = preSolution
		Debug|Any CPU = Debug|Any CPU
		Release|Any CPU = Release|Any CPU
	EndGlobalSection
	GlobalSection(ProjectConfigurationPlatforms) = postSolution
		{86364472-76C2-4B12-8978-98CDCC63CE7F}.Debug|Any CPU.ActiveCfg = Debug|Any CPU
		{86364472-76C2-4B12-8978-98CDCC63CE7F}.Debug|Any CPU.Build.0 = Debug|Any CPU
		{86364472-76C2-4B12-8978-98CDCC63CE7F}.Release|Any CPU.ActiveCfg = Release|Any CPU
		{86364472-76C2-4B12-8978-98CDCC63CE7F}.Release|Any CPU.Build.0 = Release|Any CPU
		{C3C85A80-2CFF-4A31-A4F2-8ED456A601D7}.Debug|Any CPU.ActiveCfg = Debug|Any CPU
		{C3C85A80-2CFF-4A31-A4F2-8ED456A601D7}.Debug|Any CPU.Build.0 = Debug|Any CPU
		{C3C85A80-2CFF-4A31-A4F2-8ED456A601D7}.Release|Any CPU.ActiveCfg = Release|Any CPU
		{C3C85A80-2CFF-4A31-A4F2-8ED456A601D7}.Release|Any CPU.Build.0 = Release|Any CPU
		{870FCC31-676C-44EA-9091-8B05DB9B3367}.Debug|Any CPU.ActiveCfg = Debug|Any CPU
		{870FCC31-676C-44EA-9091-8B05DB9B3367}.Debug|Any CPU.Build.0 = Debug|Any CPU
		{870FCC31-676C-44EA-9091-8B05DB9B3367}.Release|Any CPU.ActiveCfg = Release|Any CPU
		{870FCC31-676C-44EA-9091-8B05DB9B3367}.Release|Any CPU.Build.0 = Release|Any CPU
		{0CE878A1-7B31-4E2B-90DA-B05B3922C8F8}.Debug|Any CPU.ActiveCfg = Debug|Any CPU
		{0CE878A1-7B31-4E2B-90DA-B05B3922C8F8}.Debug|Any CPU.Build.0 = Debug|Any CPU
		{0CE878A1-7B31-4E2B-90DA-B05B3922C8F8}.Release|Any CPU.ActiveCfg = Release|Any CPU
		{0CE878A1-7B31-4E2B-90DA-B05B3922C8F8}.Release|Any CPU.Build.0 = Release|Any CPU
		{4306C73A-A723-4246-AFC4-2614CE4356CF}.Debug|Any CPU.ActiveCfg = Debug|Any CPU
		{4306C73A-A723-4246-AFC4-2614CE4356CF}.Debug|Any CPU.Build.0 = Debug|Any CPU
		{4306C73A-A723-4246-AFC4-2614CE4356CF}.Release|Any CPU.ActiveCfg = Release|Any CPU
		{4306C73A-A723-4246-AFC4-2614CE4356CF}.Release|Any CPU.Build.0 = Release|Any CPU
		{630E1FC0-B96F-4A7F-BC1E-D86869AC9648}.Debug|Any CPU.ActiveCfg = Debug|Any CPU
		{630E1FC0-B96F-4A7F-BC1E-D86869AC9648}.Debug|Any CPU.Build.0 = Debug|Any CPU
		{630E1FC0-B96F-4A7F-BC1E-D86869AC9648}.Release|Any CPU.ActiveCfg = Release|Any CPU
		{630E1FC0-B96F-4A7F-BC1E-D86869AC9648}.Release|Any CPU.Build.0 = Release|Any CPU
		{BF7E40E9-0ED1-47BD-8F5E-5113FE720F34}.Debug|Any CPU.ActiveCfg = Debug|Any CPU
		{BF7E40E9-0ED1-47BD-8F5E-5113FE720F34}.Debug|Any CPU.Build.0 = Debug|Any CPU
		{BF7E40E9-0ED1-47BD-8F5E-5113FE720F34}.Release|Any CPU.ActiveCfg = Release|Any CPU
		{BF7E40E9-0ED1-47BD-8F5E-5113FE720F34}.Release|Any CPU.Build.0 = Release|Any CPU
	EndGlobalSection
	GlobalSection(SolutionProperties) = preSolution
		HideSolutionNode = FALSE
	EndGlobalSection
	GlobalSection(ExtensibilityGlobals) = postSolution
		SolutionGuid = {95A1D025-8BB6-4DA2-82DD-262E37C25A02}
	EndGlobalSection
EndGlobal
